
Microsoft Visual Studio Solution File, Format Version 12.00
# Visual Studio 15
VisualStudioVersion = 15.0.33919.361
MinimumVisualStudioVersion = 10.0.40219.1
Project("{8BC9CEB8-8B4A-11D0-8D11-00A0C91BC942}") = "pythonEmbeddingSample01", "pythonEmbeddingSample01\pythonEmbeddingSample01.vcxproj", "{68C85238-431A-48A7-8B9F-78F8AC169CC0}"
EndProject
Project("{8BC9CEB8-8B4A-11D0-8D11-00A0C91BC942}") = "pythonEmbeddingSample02", "pythonEmbeddingSample02\pythonEmbeddingSample02.vcxproj", "{A1938469-8824-4AE5-83B3-B402B67F5AD6}"
EndProject
Project("{8BC9CEB8-8B4A-11D0-8D11-00A0C91BC942}") = "pythonEmbeddingSample03", "pythonEmbeddingSample03\pythonEmbeddingSample03.vcxproj", "{9B10C235-2C7D-4D30-8C36-50DFB50AFB15}"
EndProject
Project("{2150E333-8FDC-42A3-9474-1A3956D46DE8}") = "readme", "readme", "{59E8D76E-D4DB-46B4-A3C9-6D0D35786EF3}"
	ProjectSection(SolutionItems) = preProject
		.gitignore = .gitignore
		README.md = README.md
	EndProjectSection
EndProject
Project("{8BC9CEB8-8B4A-11D0-8D11-00A0C91BC942}") = "pythonEmbeddingSample04", "pythonEmbeddingSample04\pythonEmbeddingSample04.vcxproj", "{1C344805-F189-4043-87B3-0BA382023782}"
EndProject
Project("{888888A0-9F3D-457C-B088-3A5042F75D52}") = "scripts", "scripts\scripts.pyproj", "{61AF41DA-B28E-450C-9F80-70436C738333}"
EndProject
Global
	GlobalSection(SolutionConfigurationPlatforms) = preSolution
		Debug|Any CPU = Debug|Any CPU
		Debug|x64 = Debug|x64
		Debug|x86 = Debug|x86
		Release|Any CPU = Release|Any CPU
		Release|x64 = Release|x64
		Release|x86 = Release|x86
	EndGlobalSection
	GlobalSection(ProjectConfigurationPlatforms) = postSolution
		{68C85238-431A-48A7-8B9F-78F8AC169CC0}.Debug|Any CPU.ActiveCfg = Debug|Win32
		{68C85238-431A-48A7-8B9F-78F8AC169CC0}.Debug|x64.ActiveCfg = Debug|x64
		{68C85238-431A-48A7-8B9F-78F8AC169CC0}.Debug|x64.Build.0 = Debug|x64
		{68C85238-431A-48A7-8B9F-78F8AC169CC0}.Debug|x86.ActiveCfg = Debug|Win32
		{68C85238-431A-48A7-8B9F-78F8AC169CC0}.Debug|x86.Build.0 = Debug|Win32
		{68C85238-431A-48A7-8B9F-78F8AC169CC0}.Release|Any CPU.ActiveCfg = Release|Win32
		{68C85238-431A-48A7-8B9F-78F8AC169CC0}.Release|x64.ActiveCfg = Release|x64
		{68C85238-431A-48A7-8B9F-78F8AC169CC0}.Release|x64.Build.0 = Release|x64
		{68C85238-431A-48A7-8B9F-78F8AC169CC0}.Release|x86.ActiveCfg = Release|Win32
		{68C85238-431A-48A7-8B9F-78F8AC169CC0}.Release|x86.Build.0 = Release|Win32
		{A1938469-8824-4AE5-83B3-B402B67F5AD6}.Debug|Any CPU.ActiveCfg = Debug|Win32
		{A1938469-8824-4AE5-83B3-B402B67F5AD6}.Debug|x64.ActiveCfg = Debug|x64
		{A1938469-8824-4AE5-83B3-B402B67F5AD6}.Debug|x64.Build.0 = Debug|x64
		{A1938469-8824-4AE5-83B3-B402B67F5AD6}.Debug|x86.ActiveCfg = Debug|Win32
		{A1938469-8824-4AE5-83B3-B402B67F5AD6}.Debug|x86.Build.0 = Debug|Win32
		{A1938469-8824-4AE5-83B3-B402B67F5AD6}.Release|Any CPU.ActiveCfg = Release|Win32
		{A1938469-8824-4AE5-83B3-B402B67F5AD6}.Release|x64.ActiveCfg = Release|x64
		{A1938469-8824-4AE5-83B3-B402B67F5AD6}.Release|x64.Build.0 = Release|x64
		{A1938469-8824-4AE5-83B3-B402B67F5AD6}.Release|x86.ActiveCfg = Release|Win32
		{A1938469-8824-4AE5-83B3-B402B67F5AD6}.Release|x86.Build.0 = Release|Win32
		{9B10C235-2C7D-4D30-8C36-50DFB50AFB15}.Debug|Any CPU.ActiveCfg = Debug|Win32
		{9B10C235-2C7D-4D30-8C36-50DFB50AFB15}.Debug|x64.ActiveCfg = Debug|x64
		{9B10C235-2C7D-4D30-8C36-50DFB50AFB15}.Debug|x64.Build.0 = Debug|x64
		{9B10C235-2C7D-4D30-8C36-50DFB50AFB15}.Debug|x86.ActiveCfg = Debug|Win32
		{9B10C235-2C7D-4D30-8C36-50DFB50AFB15}.Debug|x86.Build.0 = Debug|Win32
		{9B10C235-2C7D-4D30-8C36-50DFB50AFB15}.Release|Any CPU.ActiveCfg = Release|Win32
		{9B10C235-2C7D-4D30-8C36-50DFB50AFB15}.Release|x64.ActiveCfg = Release|x64
		{9B10C235-2C7D-4D30-8C36-50DFB50AFB15}.Release|x64.Build.0 = Release|x64
		{9B10C235-2C7D-4D30-8C36-50DFB50AFB15}.Release|x86.ActiveCfg = Release|Win32
		{9B10C235-2C7D-4D30-8C36-50DFB50AFB15}.Release|x86.Build.0 = Release|Win32
		{1C344805-F189-4043-87B3-0BA382023782}.Debug|Any CPU.ActiveCfg = Debug|Win32
		{1C344805-F189-4043-87B3-0BA382023782}.Debug|x64.ActiveCfg = Debug|x64
		{1C344805-F189-4043-87B3-0BA382023782}.Debug|x64.Build.0 = Debug|x64
		{1C344805-F189-4043-87B3-0BA382023782}.Debug|x86.ActiveCfg = Debug|Win32
		{1C344805-F189-4043-87B3-0BA382023782}.Debug|x86.Build.0 = Debug|Win32
		{1C344805-F189-4043-87B3-0BA382023782}.Release|Any CPU.ActiveCfg = Release|Win32
		{1C344805-F189-4043-87B3-0BA382023782}.Release|x64.ActiveCfg = Release|x64
		{1C344805-F189-4043-87B3-0BA382023782}.Release|x64.Build.0 = Release|x64
		{1C344805-F189-4043-87B3-0BA382023782}.Release|x86.ActiveCfg = Release|Win32
		{1C344805-F189-4043-87B3-0BA382023782}.Release|x86.Build.0 = Release|Win32
		{61AF41DA-B28E-450C-9F80-70436C738333}.Debug|Any CPU.ActiveCfg = Debug|Any CPU
		{61AF41DA-B28E-450C-9F80-70436C738333}.Debug|x64.ActiveCfg = Debug|Any CPU
		{61AF41DA-B28E-450C-9F80-70436C738333}.Debug|x86.ActiveCfg = Debug|Any CPU
		{61AF41DA-B28E-450C-9F80-70436C738333}.Release|Any CPU.ActiveCfg = Release|Any CPU
		{61AF41DA-B28E-450C-9F80-70436C738333}.Release|x64.ActiveCfg = Release|Any CPU
		{61AF41DA-B28E-450C-9F80-70436C738333}.Release|x86.ActiveCfg = Release|Any CPU
	EndGlobalSection
	GlobalSection(SolutionProperties) = preSolution
		HideSolutionNode = FALSE
	EndGlobalSection
	GlobalSection(ExtensibilityGlobals) = postSolution
		SolutionGuid = {1D1D4AC0-CAF9-4DAF-A90E-F0D292D81881}
	EndGlobalSection
EndGlobal
